
Microsoft Visual Studio Solution File, Format Version 12.00
# Visual Studio 15
VisualStudioVersion = 15.0.28307.421
MinimumVisualStudioVersion = 10.0.40219.1
Project("{FAE04EC0-301F-11D3-BF4B-00C04F79EFBC}") = "beka", "beka\beka.csproj", "{AB09C725-EF38-41AB-ADE6-D356B61DF44D}"
EndProject
Global
	GlobalSection(SolutionConfigurationPlatforms) = preSolution
		Debug|Any CPU = Debug|Any CPU
		Release|Any CPU = Release|Any CPU
	EndGlobalSection
	GlobalSection(ProjectConfigurationPlatforms) = postSolution
		{AB09C725-EF38-41AB-ADE6-D356B61DF44D}.Debug|Any CPU.ActiveCfg = Debug|Any CPU
		{AB09C725-EF38-41AB-ADE6-D356B61DF44D}.Debug|Any CPU.Build.0 = Debug|Any CPU
		{AB09C725-EF38-41AB-ADE6-D356B61DF44D}.Release|Any CPU.ActiveCfg = Release|Any CPU
		{AB09C725-EF38-41AB-ADE6-D356B61DF44D}.Release|Any CPU.Build.0 = Release|Any CPU
	EndGlobalSection
	GlobalSection(SolutionProperties) = preSolution
		HideSolutionNode = FALSE
	EndGlobalSection
	GlobalSection(ExtensibilityGlobals) = postSolution
		SolutionGuid = {73F330DC-C3FE-45A2-B03B-17FEB6202430}
	EndGlobalSection
EndGlobal
